// !$*UTF8*$!
{
	archiveVersion = 1;
	classes = {
	};
	objectVersion = 46;
	objects = {

/* Begin PBXBuildFile section */
		9C9C59A71EC4794600FC40A4 /* AppDelegate.swift in Sources */ = {isa = PBXBuildFile; fileRef = 9C9C59A61EC4794600FC40A4 /* AppDelegate.swift */; };
		9C9C59A91EC4794600FC40A4 /* ViewController.swift in Sources */ = {isa = PBXBuildFile; fileRef = 9C9C59A81EC4794600FC40A4 /* ViewController.swift */; };
		9C9C59AC1EC4794600FC40A4 /* Main.storyboard in Resources */ = {isa = PBXBuildFile; fileRef = 9C9C59AA1EC4794600FC40A4 /* Main.storyboard */; };
		9C9C59AE1EC4794600FC40A4 /* Assets.xcassets in Resources */ = {isa = PBXBuildFile; fileRef = 9C9C59AD1EC4794600FC40A4 /* Assets.xcassets */; };
		9C9C59B11EC4794600FC40A4 /* LaunchScreen.storyboard in Resources */ = {isa = PBXBuildFile; fileRef = 9C9C59AF1EC4794600FC40A4 /* LaunchScreen.storyboard */; };
/* End PBXBuildFile section */

/* Begin PBXFileReference section */
		9C9C59A31EC4794600FC40A4 /* RealmGenerics.app */ = {isa = PBXFileReference; explicitFileType = wrapper.application; includeInIndex = 0; path = RealmGenerics.app; sourceTree = BUILT_PRODUCTS_DIR; };
		9C9C59A61EC4794600FC40A4 /* AppDelegate.swift */ = {isa = PBXFileReference; lastKnownFileType = sourcecode.swift; path = AppDelegate.swift; sourceTree = "<group>"; };
		9C9C59A81EC4794600FC40A4 /* ViewController.swift */ = {isa = PBXFileReference; lastKnownFileType = sourcecode.swift; path = ViewController.swift; sourceTree = "<group>"; };
		9C9C59AB1EC4794600FC40A4 /* Base */ = {isa = PBXFileReference; lastKnownFileType = file.storyboard; name = Base; path = Base.lproj/Main.storyboard; sourceTree = "<group>"; };
		9C9C59AD1EC4794600FC40A4 /* Assets.xcassets */ = {isa = PBXFileReference; lastKnownFileType = folder.assetcatalog; path = Assets.xcassets; sourceTree = "<group>"; };
		9C9C59B01EC4794600FC40A4 /* Base */ = {isa = PBXFileReference; lastKnownFileType = file.storyboard; name = Base; path = Base.lproj/LaunchScreen.storyboard; sourceTree = "<group>"; };
		9C9C59B21EC4794600FC40A4 /* Info.plist */ = {isa = PBXFileReference; lastKnownFileType = text.plist.xml; path = Info.plist; sourceTree = "<group>"; };
/* End PBXFileReference section */

/* Begin PBXFrameworksBuildPhase section */
		9C9C59A01EC4794600FC40A4 /* Frameworks */ = {
			isa = PBXFrameworksBuildPhase;
			buildActionMask = 2147483647;
			files = (
			);
			runOnlyForDeploymentPostprocessing = 0;
		};
/* End PBXFrameworksBuildPhase section */

/* Begin PBXGroup section */
		9C9C599A1EC4794600FC40A4 = {
			isa = PBXGroup;
			children = (
				9C9C59A51EC4794600FC40A4 /* RealmGenerics */,
				9C9C59A41EC4794600FC40A4 /* Products */,
			);
			sourceTree = "<group>";
		};
		9C9C59A41EC4794600FC40A4 /* Products */ = {
			isa = PBXGroup;
			children = (
				9C9C59A31EC4794600FC40A4 /* RealmGenerics.app */,
			);
			name = Products;
			sourceTree = "<group>";
		};
		9C9C59A51EC4794600FC40A4 /* RealmGenerics */ = {
			isa = PBXGroup;
			children = (
				9C9C59A61EC4794600FC40A4 /* AppDelegate.swift */,
				9C9C59A81EC4794600FC40A4 /* ViewController.swift */,
				9C9C59AA1EC4794600FC40A4 /* Main.storyboard */,
				9C9C59AD1EC4794600FC40A4 /* Assets.xcassets */,
				9C9C59AF1EC4794600FC40A4 /* LaunchScreen.storyboard */,
				9C9C59B21EC4794600FC40A4 /* Info.plist */,
			);
			path = RealmGenerics;
			sourceTree = "<group>";
		};
/* End PBXGroup section */

/* Begin PBXNativeTarget section */
		9C9C59A21EC4794600FC40A4 /* RealmGenerics */ = {
			isa = PBXNativeTarget;
			buildConfigurationList = 9C9C59B51EC4794600FC40A4 /* Build configuration list for PBXNativeTarget "RealmGenerics" */;
			buildPhases = (
				9C9C599F1EC4794600FC40A4 /* Sources */,
				9C9C59A01EC4794600FC40A4 /* Frameworks */,
				9C9C59A11EC4794600FC40A4 /* Resources */,
			);
			buildRules = (
			);
			dependencies = (
			);
			name = RealmGenerics;
			productName = RealmGenerics;
			productReference = 9C9C59A31EC4794600FC40A4 /* RealmGenerics.app */;
			productType = "com.apple.product-type.application";
		};
/* End PBXNativeTarget section */

/* Begin PBXProject section */
		9C9C599B1EC4794600FC40A4 /* Project object */ = {
			isa = PBXProject;
			attributes = {
				LastSwiftUpdateCheck = 0830;
				LastUpgradeCheck = 0830;
				ORGANIZATIONNAME = PeschApps;
				TargetAttributes = {
					9C9C59A21EC4794600FC40A4 = {
						CreatedOnToolsVersion = 8.3.2;
						DevelopmentTeam = 76898M8GJ2;
						ProvisioningStyle = Automatic;
					};
				};
			};
			buildConfigurationList = 9C9C599E1EC4794600FC40A4 /* Build configuration list for PBXProject "RealmGenerics" */;
			compatibilityVersion = "Xcode 3.2";
			developmentRegion = English;
			hasScannedForEncodings = 0;
			knownRegions = (
				en,
				Base,
			);
			mainGroup = 9C9C599A1EC4794600FC40A4;
			productRefGroup = 9C9C59A41EC4794600FC40A4 /* Products */;
			projectDirPath = "";
			projectRoot = "";
			targets = (
				9C9C59A21EC4794600FC40A4 /* RealmGenerics */,
			);
		};
/* End PBXProject section */

/* Begin PBXResourcesBuildPhase section */
		9C9C59A11EC4794600FC40A4 /* Resources */ = {
			isa = PBXResourcesBuildPhase;
			buildActionMask = 2147483647;
			files = (
				9C9C59B11EC4794600FC40A4 /* LaunchScreen.storyboard in Resources */,
				9C9C59AE1EC4794600FC40A4 /* Assets.xcassets in Resources */,
				9C9C59AC1EC4794600FC40A4 /* Main.storyboard in Resources */,
			);
			runOnlyForDeploymentPostprocessing = 0;
		};
/* End PBXResourcesBuildPhase section */

/* Begin PBXSourcesBuildPhase section */
		9C9C599F1EC4794600FC40A4 /* Sources */ = {
			isa = PBXSourcesBuildPhase;
			buildActionMask = 2147483647;
			files = (
				9C9C59A91EC4794600FC40A4 /* ViewController.swift in Sources */,
				9C9C59A71EC4794600FC40A4 /* AppDelegate.swift in Sources */,
			);
			runOnlyForDeploymentPostprocessing = 0;
		};
/* End PBXSourcesBuildPhase section */

/* Begin PBXVariantGroup section */
		9C9C59AA1EC4794600FC40A4 /* Main.storyboard */ = {
			isa = PBXVariantGroup;
			children = (
				9C9C59AB1EC4794600FC40A4 /* Base */,
			);
			name = Main.storyboard;
			sourceTree = "<group>";
		};
		9C9C59AF1EC4794600FC40A4 /* LaunchScreen.storyboard */ = {
			isa = PBXVariantGroup;
			children = (
				9C9C59B01EC4794600FC40A4 /* Base */,
			);
			name = LaunchScreen.storyboard;
			sourceTree = "<group>";
		};
/* End PBXVariantGroup section */

/* Begin XCBuildConfiguration section */
		9C9C59B31EC4794600FC40A4 /* Debug */ = {
			isa = XCBuildConfiguration;
			buildSettings = {
				ALWAYS_SEARCH_USER_PATHS = NO;
				CLANG_ANALYZER_NONNULL = YES;
				CLANG_ANALYZER_NUMBER_OBJECT_CONVERSION = YES_AGGRESSIVE;
				CLANG_CXX_LANGUAGE_STANDARD = "gnu++0x";
				CLANG_CXX_LIBRARY = "libc++";
				CLANG_ENABLE_MODULES = YES;
				CLANG_ENABLE_OBJC_ARC = YES;
				CLANG_WARN_BOOL_CONVERSION = YES;
				CLANG_WARN_CONSTANT_CONVERSION = YES;
				CLANG_WARN_DIRECT_OBJC_ISA_USAGE = YES_ERROR;
				CLANG_WARN_DOCUMENTATION_COMMENTS = YES;
				CLANG_WARN_EMPTY_BODY = YES;
				CLANG_WARN_ENUM_CONVERSION = YES;
				CLANG_WARN_INFINITE_RECURSION = YES;
				CLANG_WARN_INT_CONVERSION = YES;
				CLANG_WARN_OBJC_ROOT_CLASS = YES_ERROR;
				CLANG_WARN_SUSPICIOUS_MOVE = YES;
				CLANG_WARN_UNREACHABLE_CODE = YES;
				CLANG_WARN__DUPLICATE_METHOD_MATCH = YES;
				"CODE_SIGN_IDENTITY[sdk=iphoneos*]" = "iPhone Developer";
				COPY_PHASE_STRIP = NO;
				DEBUG_INFORMATION_FORMAT = dwarf;
				ENABLE_STRICT_OBJC_MSGSEND = YES;
				ENABLE_TESTABILITY = YES;
				GCC_C_LANGUAGE_STANDARD = gnu99;
				GCC_DYNAMIC_NO_PIC = NO;
				GCC_NO_COMMON_BLOCKS = YES;
				GCC_OPTIMIZATION_LEVEL = 0;
				GCC_PREPROCESSOR_DEFINITIONS = (
					"DEBUG=1",
					"$(inherited)",
				);
				GCC_WARN_64_TO_32_BIT_CONVERSION = YES;
				GCC_WARN_ABOUT_RETURN_TYPE = YES_ERROR;
				GCC_WARN_UNDECLARED_SELECTOR = YES;
				GCC_WARN_UNINITIALIZED_AUTOS = YES_AGGRESSIVE;
				GCC_WARN_UNUSED_FUNCTION = YES;
				GCC_WARN_UNUSED_VARIABLE = YES;
				IPHONEOS_DEPLOYMENT_TARGET = 10.3;
				MTL_ENABLE_DEBUG_INFO = YES;
				ONLY_ACTIVE_ARCH = YES;
				SDKROOT = iphoneos;
				SWIFT_ACTIVE_COMPILATION_CONDITIONS = DEBUG;
				SWIFT_OPTIMIZATION_LEVEL = "-Onone";
				TARGETED_DEVICE_FAMILY = "1,2";
			};
			name = Debug;
		};
		9C9C59B41EC4794600FC40A4 /* Release */ = {
			isa = XCBuildConfiguration;
			buildSettings = {
				ALWAYS_SEARCH_USER_PATHS = NO;
				CLANG_ANALYZER_NONNULL = YES;
				CLANG_ANALYZER_NUMBER_OBJECT_CONVERSION = YES_AGGRESSIVE;
				CLANG_CXX_LANGUAGE_STANDARD = "gnu++0x";
				CLANG_CXX_LIBRARY = "libc++";
				CLANG_ENABLE_MODULES = YES;
				CLANG_ENABLE_OBJC_ARC = YES;
				CLANG_WARN_BOOL_CONVERSION = YES;
				CLANG_WARN_CONSTANT_CONVERSION = YES;
				CLANG_WARN_DIRECT_OBJC_ISA_USAGE = YES_ERROR;
				CLANG_WARN_DOCUMENTATION_COMMENTS = YES;
				CLANG_WARN_EMPTY_BODY = YES;
				CLANG_WARN_ENUM_CONVERSION = YES;
				CLANG_WARN_INFINITE_RECURSION = YES;
				CLANG_WARN_INT_CONVERSION = YES;
				CLANG_WARN_OBJC_ROOT_CLASS = YES_ERROR;
				CLANG_WARN_SUSPICIOUS_MOVE = YES;
				CLANG_WARN_UNREACHABLE_CODE = YES;
				CLANG_WARN__DUPLICATE_METHOD_MATCH = YES;
				"CODE_SIGN_IDENTITY[sdk=iphoneos*]" = "iPhone Developer";
				COPY_PHASE_STRIP = NO;
				DEBUG_INFORMATION_FORMAT = "dwarf-with-dsym";
				ENABLE_NS_ASSERTIONS = NO;
				ENABLE_STRICT_OBJC_MSGSEND = YES;
				GCC_C_LANGUAGE_STANDARD = gnu99;
				GCC_NO_COMMON_BLOCKS = YES;
				GCC_WARN_64_TO_32_BIT_CONVERSION = YES;
				GCC_WARN_ABOUT_RETURN_TYPE = YES_ERROR;
				GCC_WARN_UNDECLARED_SELECTOR = YES;
				GCC_WARN_UNINITIALIZED_AUTOS = YES_AGGRESSIVE;
				GCC_WARN_UNUSED_FUNCTION = YES;
				GCC_WARN_UNUSED_VARIABLE = YES;
				IPHONEOS_DEPLOYMENT_TARGET = 10.3;
				MTL_ENABLE_DEBUG_INFO = NO;
				SDKROOT = iphoneos;
				SWIFT_OPTIMIZATION_LEVEL = "-Owholemodule";
				TARGETED_DEVICE_FAMILY = "1,2";
				VALIDATE_PRODUCT = YES;
			};
			name = Release;
		};
		9C9C59B61EC4794600FC40A4 /* Debug */ = {
			isa = XCBuildConfiguration;
			buildSettings = {
				ASSETCATALOG_COMPILER_APPICON_NAME = AppIcon;
				DEVELOPMENT_TEAM = 76898M8GJ2;
				INFOPLIST_FILE = RealmGenerics/Info.plist;
				LD_RUNPATH_SEARCH_PATHS = "$(inherited) @executable_path/Frameworks";
				PRODUCT_BUNDLE_IDENTIFIER = me.peschard.eugene.RealmGenerics;
				PRODUCT_NAME = "$(TARGET_NAME)";
				SWIFT_VERSION = 3.0;
			};
			name = Debug;
		};
		9C9C59B71EC4794600FC40A4 /* Release */ = {
			isa = XCBuildConfiguration;
			buildSettings = {
				ASSETCATALOG_COMPILER_APPICON_NAME = AppIcon;
				DEVELOPMENT_TEAM = 76898M8GJ2;
				INFOPLIST_FILE = RealmGenerics/Info.plist;
				LD_RUNPATH_SEARCH_PATHS = "$(inherited) @executable_path/Frameworks";
				PRODUCT_BUNDLE_IDENTIFIER = me.peschard.eugene.RealmGenerics;
				PRODUCT_NAME = "$(TARGET_NAME)";
				SWIFT_VERSION = 3.0;
			};
			name = Release;
		};
/* End XCBuildConfiguration section */

/* Begin XCConfigurationList section */
		9C9C599E1EC4794600FC40A4 /* Build configuration list for PBXProject "RealmGenerics" */ = {
			isa = XCConfigurationList;
			buildConfigurations = (
				9C9C59B31EC4794600FC40A4 /* Debug */,
				9C9C59B41EC4794600FC40A4 /* Release */,
			);
			defaultConfigurationIsVisible = 0;
			defaultConfigurationName = Release;
		};
		9C9C59B51EC4794600FC40A4 /* Build configuration list for PBXNativeTarget "RealmGenerics" */ = {
			isa = XCConfigurationList;
			buildConfigurations = (
				9C9C59B61EC4794600FC40A4 /* Debug */,
				9C9C59B71EC4794600FC40A4 /* Release */,
			);
			defaultConfigurationIsVisible = 0;
		};
/* End XCConfigurationList section */
	};
	rootObject = 9C9C599B1EC4794600FC40A4 /* Project object */;
}
